
Microsoft Visual Studio Solution File, Format Version 12.00
# Visual Studio 15
Project("{FAE04EC0-301F-11D3-BF4B-00C04F79EFBC}") = "Assembly-CSharp", "Assembly-CSharp.csproj", "{FB363D50-50A0-324F-0B8F-46FA915074CD}"
EndProject
Project("{FAE04EC0-301F-11D3-BF4B-00C04F79EFBC}") = "Assembly-CSharp-Editor", "Assembly-CSharp-Editor.csproj", "{E08C9E7B-83D9-262B-FD33-5654E9433DDB}"
EndProject
Project("{FAE04EC0-301F-11D3-BF4B-00C04F79EFBC}") = "OccaSoftware.Crosshairs.Editor", "OccaSoftware.Crosshairs.Editor.csproj", "{83DE8878-9660-B12E-E7E7-A54968A3AF92}"
EndProject
Project("{FAE04EC0-301F-11D3-BF4B-00C04F79EFBC}") = "Unity.RenderPipelines.HighDefinitionConfig.Editor.Tests", "Unity.RenderPipelines.HighDefinitionConfig.Editor.Tests.csproj", "{E01DD8E3-E48A-D7BA-518B-6E5C4E2CCB5C}"
EndProject
Project("{FAE04EC0-301F-11D3-BF4B-00C04F79EFBC}") = "URPWizard", "URPWizard.csproj", "{C28ACE1C-FBF2-8B81-CC0B-BD51594A012E}"
EndProject
Project("{FAE04EC0-301F-11D3-BF4B-00C04F79EFBC}") = "Unity.RenderPipelines.HighDefinition.Config.Runtime", "Unity.RenderPipelines.HighDefinition.Config.Runtime.csproj", "{72492A12-BFBB-4634-E914-EFFE81AA0666}"
EndProject
Global
	GlobalSection(SolutionConfigurationPlatforms) = preSolution
		Debug|Any CPU = Debug|Any CPU
		Release|Any CPU = Release|Any CPU
	EndGlobalSection
	GlobalSection(ProjectConfigurationPlatforms) = postSolution
		{FB363D50-50A0-324F-0B8F-46FA915074CD}.Debug|Any CPU.ActiveCfg = Debug|Any CPU
		{FB363D50-50A0-324F-0B8F-46FA915074CD}.Debug|Any CPU.Build.0 = Debug|Any CPU
		{FB363D50-50A0-324F-0B8F-46FA915074CD}.Release|Any CPU.ActiveCfg = Release|Any CPU
		{FB363D50-50A0-324F-0B8F-46FA915074CD}.Release|Any CPU.Build.0 = Release|Any CPU
		{E08C9E7B-83D9-262B-FD33-5654E9433DDB}.Debug|Any CPU.ActiveCfg = Debug|Any CPU
		{E08C9E7B-83D9-262B-FD33-5654E9433DDB}.Debug|Any CPU.Build.0 = Debug|Any CPU
		{E08C9E7B-83D9-262B-FD33-5654E9433DDB}.Release|Any CPU.ActiveCfg = Release|Any CPU
		{E08C9E7B-83D9-262B-FD33-5654E9433DDB}.Release|Any CPU.Build.0 = Release|Any CPU
		{83DE8878-9660-B12E-E7E7-A54968A3AF92}.Debug|Any CPU.ActiveCfg = Debug|Any CPU
		{83DE8878-9660-B12E-E7E7-A54968A3AF92}.Debug|Any CPU.Build.0 = Debug|Any CPU
		{83DE8878-9660-B12E-E7E7-A54968A3AF92}.Release|Any CPU.ActiveCfg = Release|Any CPU
		{83DE8878-9660-B12E-E7E7-A54968A3AF92}.Release|Any CPU.Build.0 = Release|Any CPU
		{E01DD8E3-E48A-D7BA-518B-6E5C4E2CCB5C}.Debug|Any CPU.ActiveCfg = Debug|Any CPU
		{E01DD8E3-E48A-D7BA-518B-6E5C4E2CCB5C}.Debug|Any CPU.Build.0 = Debug|Any CPU
		{E01DD8E3-E48A-D7BA-518B-6E5C4E2CCB5C}.Release|Any CPU.ActiveCfg = Release|Any CPU
		{E01DD8E3-E48A-D7BA-518B-6E5C4E2CCB5C}.Release|Any CPU.Build.0 = Release|Any CPU
		{C28ACE1C-FBF2-8B81-CC0B-BD51594A012E}.Debug|Any CPU.ActiveCfg = Debug|Any CPU
		{C28ACE1C-FBF2-8B81-CC0B-BD51594A012E}.Debug|Any CPU.Build.0 = Debug|Any CPU
		{C28ACE1C-FBF2-8B81-CC0B-BD51594A012E}.Release|Any CPU.ActiveCfg = Release|Any CPU
		{C28ACE1C-FBF2-8B81-CC0B-BD51594A012E}.Release|Any CPU.Build.0 = Release|Any CPU
		{72492A12-BFBB-4634-E914-EFFE81AA0666}.Debug|Any CPU.ActiveCfg = Debug|Any CPU
		{72492A12-BFBB-4634-E914-EFFE81AA0666}.Debug|Any CPU.Build.0 = Debug|Any CPU
		{72492A12-BFBB-4634-E914-EFFE81AA0666}.Release|Any CPU.ActiveCfg = Release|Any CPU
		{72492A12-BFBB-4634-E914-EFFE81AA0666}.Release|Any CPU.Build.0 = Release|Any CPU
	EndGlobalSection
	GlobalSection(SolutionProperties) = preSolution
		HideSolutionNode = FALSE
	EndGlobalSection
EndGlobal
