
Microsoft Visual Studio Solution File, Format Version 12.00
# Visual Studio 15
Project("{FAE04EC0-301F-11D3-BF4B-00C04F79EFBC}") = "Assembly-CSharp", "Assembly-CSharp.csproj", "{FB363D50-50A0-324F-0B8F-46FA915074CD}"
EndProject
Project("{FAE04EC0-301F-11D3-BF4B-00C04F79EFBC}") = "Assembly-CSharp-Editor", "Assembly-CSharp-Editor.csproj", "{E08C9E7B-83D9-262B-FD33-5654E9433DDB}"
EndProject
Global
	GlobalSection(SolutionConfigurationPlatforms) = preSolution
		Debug|Any CPU = Debug|Any CPU
		Release|Any CPU = Release|Any CPU
	EndGlobalSection
	GlobalSection(ProjectConfigurationPlatforms) = postSolution
		{FB363D50-50A0-324F-0B8F-46FA915074CD}.Debug|Any CPU.ActiveCfg = Debug|Any CPU
		{FB363D50-50A0-324F-0B8F-46FA915074CD}.Debug|Any CPU.Build.0 = Debug|Any CPU
		{FB363D50-50A0-324F-0B8F-46FA915074CD}.Release|Any CPU.ActiveCfg = Release|Any CPU
		{FB363D50-50A0-324F-0B8F-46FA915074CD}.Release|Any CPU.Build.0 = Release|Any CPU
		{E08C9E7B-83D9-262B-FD33-5654E9433DDB}.Debug|Any CPU.ActiveCfg = Debug|Any CPU
		{E08C9E7B-83D9-262B-FD33-5654E9433DDB}.Debug|Any CPU.Build.0 = Debug|Any CPU
		{E08C9E7B-83D9-262B-FD33-5654E9433DDB}.Release|Any CPU.ActiveCfg = Release|Any CPU
		{E08C9E7B-83D9-262B-FD33-5654E9433DDB}.Release|Any CPU.Build.0 = Release|Any CPU
	EndGlobalSection
	GlobalSection(SolutionProperties) = preSolution
		HideSolutionNode = FALSE
	EndGlobalSection
EndGlobal
